{
  "name": "@comunica/actor-abstract-bindings-hash",
  "version": "1.17.0",
  "lockfileVersion": 1,
  "requires": true,
  "dependencies": {
    "@types/node": {
      "version": "14.14.6",
      "resolved": "https://registry.npmjs.org/@types/node/-/node-14.14.6.tgz",
      "integrity": "sha512-6QlRuqsQ/Ox/aJEQWBEJG7A9+u7oSYl3mem/K8IzxXG/kAGbV1YPD9Bg9Zw3vyxC/YP+zONKwy8hGkSt1jxFMw=="
    },
    "@types/rusha": {
      "version": "0.8.0",
      "resolved": "https://registry.npmjs.org/@types/rusha/-/rusha-0.8.0.tgz",
      "integrity": "sha512-t+rdR1Ptj6/gIUBW4wVDjUj29sE9Sd5TnHCQhbMiFAdeuh9niJuEMuVd4X+rxyfNEqkF+X4vfiAMxrjQgG2klg==",
      "requires": {
        "@types/node": "*"
      }
    },
    "rusha": {
      "version": "0.8.13",
      "resolved": "https://registry.npmjs.org/rusha/-/rusha-0.8.13.tgz",
      "integrity": "sha1-mghOe4YLF7/zAVuSxnpqM2GRUTo="
    }
  }
}
